
Microsoft Visual Studio Solution File, Format Version 12.00
# Visual Studio Version 16
VisualStudioVersion = 16.0.29709.97
MinimumVisualStudioVersion = 10.0.40219.1
Project("{FAE04EC0-301F-11D3-BF4B-00C04F79EFBC}") = "OODMay2022", "OODMay2022\OODMay2022.csproj", "{0880A3F4-2573-42AD-BA60-60C2D62043A8}"
EndProject
Project("{FAE04EC0-301F-11D3-BF4B-00C04F79EFBC}") = "DataManagement", "DataManagement\DataManagement.csproj", "{7B05B806-B299-498C-ABE0-03B22DA5CD11}"
EndProject
Global
	GlobalSection(SolutionConfigurationPlatforms) = preSolution
		Debug|Any CPU = Debug|Any CPU
		Release|Any CPU = Release|Any CPU
	EndGlobalSection
	GlobalSection(ProjectConfigurationPlatforms) = postSolution
		{0880A3F4-2573-42AD-BA60-60C2D62043A8}.Debug|Any CPU.ActiveCfg = Debug|Any CPU
		{0880A3F4-2573-42AD-BA60-60C2D62043A8}.Debug|Any CPU.Build.0 = Debug|Any CPU
		{0880A3F4-2573-42AD-BA60-60C2D62043A8}.Release|Any CPU.ActiveCfg = Release|Any CPU
		{0880A3F4-2573-42AD-BA60-60C2D62043A8}.Release|Any CPU.Build.0 = Release|Any CPU
		{7B05B806-B299-498C-ABE0-03B22DA5CD11}.Debug|Any CPU.ActiveCfg = Debug|Any CPU
		{7B05B806-B299-498C-ABE0-03B22DA5CD11}.Debug|Any CPU.Build.0 = Debug|Any CPU
		{7B05B806-B299-498C-ABE0-03B22DA5CD11}.Release|Any CPU.ActiveCfg = Release|Any CPU
		{7B05B806-B299-498C-ABE0-03B22DA5CD11}.Release|Any CPU.Build.0 = Release|Any CPU
	EndGlobalSection
	GlobalSection(SolutionProperties) = preSolution
		HideSolutionNode = FALSE
	EndGlobalSection
	GlobalSection(ExtensibilityGlobals) = postSolution
		SolutionGuid = {B4E4F5C2-2F4C-43C6-ADFA-CA9367B89EBC}
	EndGlobalSection
EndGlobal
